
Microsoft Visual Studio Solution File, Format Version 12.00
# Visual Studio Version 16
VisualStudioVersion = 16.0.32510.428
MinimumVisualStudioVersion = 10.0.40219.1
Project("{FAE04EC0-301F-11D3-BF4B-00C04F79EFBC}") = "Dog_WebApp", "Dog_WebApp\Dog_WebApp.csproj", "{03F4A20C-D80E-4A14-9551-B9ED4F207666}"
EndProject
Global
	GlobalSection(SolutionConfigurationPlatforms) = preSolution
		Debug|Any CPU = Debug|Any CPU
		Release|Any CPU = Release|Any CPU
	EndGlobalSection
	GlobalSection(ProjectConfigurationPlatforms) = postSolution
		{03F4A20C-D80E-4A14-9551-B9ED4F207666}.Debug|Any CPU.ActiveCfg = Debug|Any CPU
		{03F4A20C-D80E-4A14-9551-B9ED4F207666}.Debug|Any CPU.Build.0 = Debug|Any CPU
		{03F4A20C-D80E-4A14-9551-B9ED4F207666}.Release|Any CPU.ActiveCfg = Release|Any CPU
		{03F4A20C-D80E-4A14-9551-B9ED4F207666}.Release|Any CPU.Build.0 = Release|Any CPU
	EndGlobalSection
	GlobalSection(SolutionProperties) = preSolution
		HideSolutionNode = FALSE
	EndGlobalSection
	GlobalSection(ExtensibilityGlobals) = postSolution
		SolutionGuid = {DFC837A0-C893-4150-8213-1452BA5A25FF}
	EndGlobalSection
EndGlobal
