
Microsoft Visual Studio Solution File, Format Version 12.00
# Visual Studio Version 16
VisualStudioVersion = 16.0.32602.291
MinimumVisualStudioVersion = 10.0.40219.1
Project("{FAE04EC0-301F-11D3-BF4B-00C04F79EFBC}") = "Dog_WebApp", "Dog_WebApp\Dog_WebApp.csproj", "{5C5EA808-85E2-47E5-9887-091D17A839B5}"
EndProject
Global
	GlobalSection(SolutionConfigurationPlatforms) = preSolution
		Debug|Any CPU = Debug|Any CPU
		Release|Any CPU = Release|Any CPU
	EndGlobalSection
	GlobalSection(ProjectConfigurationPlatforms) = postSolution
		{5C5EA808-85E2-47E5-9887-091D17A839B5}.Debug|Any CPU.ActiveCfg = Debug|Any CPU
		{5C5EA808-85E2-47E5-9887-091D17A839B5}.Debug|Any CPU.Build.0 = Debug|Any CPU
		{5C5EA808-85E2-47E5-9887-091D17A839B5}.Release|Any CPU.ActiveCfg = Release|Any CPU
		{5C5EA808-85E2-47E5-9887-091D17A839B5}.Release|Any CPU.Build.0 = Release|Any CPU
	EndGlobalSection
	GlobalSection(SolutionProperties) = preSolution
		HideSolutionNode = FALSE
	EndGlobalSection
	GlobalSection(ExtensibilityGlobals) = postSolution
		SolutionGuid = {01174A75-0801-4E1B-8CBD-CA42FFD17146}
	EndGlobalSection
EndGlobal
