
Microsoft Visual Studio Solution File, Format Version 12.00
# Visual Studio Version 16
VisualStudioVersion = 16.0.32602.291
MinimumVisualStudioVersion = 10.0.40219.1
Project("{FAE04EC0-301F-11D3-BF4B-00C04F79EFBC}") = "3tables_WebAuto", "3tables_WebAuto\3tables_WebAuto.csproj", "{816FCD6D-3871-4E6B-BC89-87D0B96BBE2C}"
EndProject
Global
	GlobalSection(SolutionConfigurationPlatforms) = preSolution
		Debug|Any CPU = Debug|Any CPU
		Release|Any CPU = Release|Any CPU
	EndGlobalSection
	GlobalSection(ProjectConfigurationPlatforms) = postSolution
		{816FCD6D-3871-4E6B-BC89-87D0B96BBE2C}.Debug|Any CPU.ActiveCfg = Debug|Any CPU
		{816FCD6D-3871-4E6B-BC89-87D0B96BBE2C}.Debug|Any CPU.Build.0 = Debug|Any CPU
		{816FCD6D-3871-4E6B-BC89-87D0B96BBE2C}.Release|Any CPU.ActiveCfg = Release|Any CPU
		{816FCD6D-3871-4E6B-BC89-87D0B96BBE2C}.Release|Any CPU.Build.0 = Release|Any CPU
	EndGlobalSection
	GlobalSection(SolutionProperties) = preSolution
		HideSolutionNode = FALSE
	EndGlobalSection
	GlobalSection(ExtensibilityGlobals) = postSolution
		SolutionGuid = {6EE0671A-4544-4B2B-A6FB-E01DF015BA8B}
	EndGlobalSection
EndGlobal
